
Microsoft Visual Studio Solution File, Format Version 12.00
# Visual Studio Version 16
VisualStudioVersion = 16.0.30907.101
MinimumVisualStudioVersion = 10.0.40219.1
Project("{FAE04EC0-301F-11D3-BF4B-00C04F79EFBC}") = "Test Wilson", "Test Wilson\Test Wilson.csproj", "{B1F3B3B2-D846-497B-A2B8-4BAC6F6269AE}"
EndProject
Global
	GlobalSection(SolutionConfigurationPlatforms) = preSolution
		Debug|Any CPU = Debug|Any CPU
		Release|Any CPU = Release|Any CPU
	EndGlobalSection
	GlobalSection(ProjectConfigurationPlatforms) = postSolution
		{B1F3B3B2-D846-497B-A2B8-4BAC6F6269AE}.Debug|Any CPU.ActiveCfg = Debug|Any CPU
		{B1F3B3B2-D846-497B-A2B8-4BAC6F6269AE}.Debug|Any CPU.Build.0 = Debug|Any CPU
		{B1F3B3B2-D846-497B-A2B8-4BAC6F6269AE}.Release|Any CPU.ActiveCfg = Release|Any CPU
		{B1F3B3B2-D846-497B-A2B8-4BAC6F6269AE}.Release|Any CPU.Build.0 = Release|Any CPU
	EndGlobalSection
	GlobalSection(SolutionProperties) = preSolution
		HideSolutionNode = FALSE
	EndGlobalSection
	GlobalSection(ExtensibilityGlobals) = postSolution
		SolutionGuid = {31F64D7D-A757-44E2-8D65-F5EAA26E3A97}
	EndGlobalSection
EndGlobal
